
Microsoft Visual Studio Solution File, Format Version 12.00
# Visual Studio 2013
VisualStudioVersion = 12.0.30501.0
MinimumVisualStudioVersion = 10.0.40219.1
Project("{FAE04EC0-301F-11D3-BF4B-00C04F79EFBC}") = "MVC.Series.Web", "MVC.Series.Web\MVC.Series.Web.csproj", "{F46BD668-297A-4FD1-95B8-4D9CEDA6176C}"
EndProject
Project("{FAE04EC0-301F-11D3-BF4B-00C04F79EFBC}") = "MVC.Series.Web.Tests", "MVC.Series.Web.Tests\MVC.Series.Web.Tests.csproj", "{D14A15ED-9144-432B-9EFF-D2C2460062B8}"
EndProject
Project("{FAE04EC0-301F-11D3-BF4B-00C04F79EFBC}") = "MVC.Series.ViewModel", "MVC.Series.ViewModel\MVC.Series.ViewModel.csproj", "{1A5A1FAD-468C-4E90-A5FB-9F93CEC6CBF5}"
EndProject
Global
	GlobalSection(SolutionConfigurationPlatforms) = preSolution
		Debug|Any CPU = Debug|Any CPU
		Release|Any CPU = Release|Any CPU
	EndGlobalSection
	GlobalSection(ProjectConfigurationPlatforms) = postSolution
		{F46BD668-297A-4FD1-95B8-4D9CEDA6176C}.Debug|Any CPU.ActiveCfg = Debug|Any CPU
		{F46BD668-297A-4FD1-95B8-4D9CEDA6176C}.Debug|Any CPU.Build.0 = Debug|Any CPU
		{F46BD668-297A-4FD1-95B8-4D9CEDA6176C}.Release|Any CPU.ActiveCfg = Release|Any CPU
		{F46BD668-297A-4FD1-95B8-4D9CEDA6176C}.Release|Any CPU.Build.0 = Release|Any CPU
		{D14A15ED-9144-432B-9EFF-D2C2460062B8}.Debug|Any CPU.ActiveCfg = Debug|Any CPU
		{D14A15ED-9144-432B-9EFF-D2C2460062B8}.Debug|Any CPU.Build.0 = Debug|Any CPU
		{D14A15ED-9144-432B-9EFF-D2C2460062B8}.Release|Any CPU.ActiveCfg = Release|Any CPU
		{D14A15ED-9144-432B-9EFF-D2C2460062B8}.Release|Any CPU.Build.0 = Release|Any CPU
		{1A5A1FAD-468C-4E90-A5FB-9F93CEC6CBF5}.Debug|Any CPU.ActiveCfg = Debug|Any CPU
		{1A5A1FAD-468C-4E90-A5FB-9F93CEC6CBF5}.Debug|Any CPU.Build.0 = Debug|Any CPU
		{1A5A1FAD-468C-4E90-A5FB-9F93CEC6CBF5}.Release|Any CPU.ActiveCfg = Release|Any CPU
		{1A5A1FAD-468C-4E90-A5FB-9F93CEC6CBF5}.Release|Any CPU.Build.0 = Release|Any CPU
	EndGlobalSection
	GlobalSection(SolutionProperties) = preSolution
		HideSolutionNode = FALSE
	EndGlobalSection
EndGlobal
